
Microsoft Visual Studio Solution File, Format Version 12.00
# Visual Studio Version 17
VisualStudioVersion = 17.8.34511.84
MinimumVisualStudioVersion = 10.0.40219.1
Project("{FAE04EC0-301F-11D3-BF4B-00C04F79EFBC}") = "ConverterAndChecker", "ConverterAndChecker\ConverterAndChecker.csproj", "{A7C08F03-24A4-45A3-9620-1D87E46D57A2}"
EndProject
Global
	GlobalSection(SolutionConfigurationPlatforms) = preSolution
		Debug|Any CPU = Debug|Any CPU
		Release|Any CPU = Release|Any CPU
	EndGlobalSection
	GlobalSection(ProjectConfigurationPlatforms) = postSolution
		{A7C08F03-24A4-45A3-9620-1D87E46D57A2}.Debug|Any CPU.ActiveCfg = Debug|Any CPU
		{A7C08F03-24A4-45A3-9620-1D87E46D57A2}.Debug|Any CPU.Build.0 = Debug|Any CPU
		{A7C08F03-24A4-45A3-9620-1D87E46D57A2}.Release|Any CPU.ActiveCfg = Release|Any CPU
		{A7C08F03-24A4-45A3-9620-1D87E46D57A2}.Release|Any CPU.Build.0 = Release|Any CPU
	EndGlobalSection
	GlobalSection(SolutionProperties) = preSolution
		HideSolutionNode = FALSE
	EndGlobalSection
	GlobalSection(ExtensibilityGlobals) = postSolution
		SolutionGuid = {5E954A6F-E90F-4FED-B023-80FE51EC9EE4}
	EndGlobalSection
EndGlobal
